
Microsoft Visual Studio Solution File, Format Version 12.00
# Visual Studio Version 17
VisualStudioVersion = 17.8.34525.116
MinimumVisualStudioVersion = 10.0.40219.1
Project("{FAE04EC0-301F-11D3-BF4B-00C04F79EFBC}") = "pokedex-web", "pokedex-web\pokedex-web.csproj", "{23812EE4-6709-404D-A999-2593AA50A2BC}"
EndProject
Project("{FAE04EC0-301F-11D3-BF4B-00C04F79EFBC}") = "dominio", "dominio\dominio.csproj", "{3F421102-396D-497B-8653-82DBB3385D76}"
EndProject
Project("{FAE04EC0-301F-11D3-BF4B-00C04F79EFBC}") = "negocio", "negocio\negocio.csproj", "{4B4A6F19-1C00-4FB3-B727-04CEE92FA4EF}"
EndProject
Global
	GlobalSection(SolutionConfigurationPlatforms) = preSolution
		Debug|Any CPU = Debug|Any CPU
		Release|Any CPU = Release|Any CPU
	EndGlobalSection
	GlobalSection(ProjectConfigurationPlatforms) = postSolution
		{23812EE4-6709-404D-A999-2593AA50A2BC}.Debug|Any CPU.ActiveCfg = Debug|Any CPU
		{23812EE4-6709-404D-A999-2593AA50A2BC}.Debug|Any CPU.Build.0 = Debug|Any CPU
		{23812EE4-6709-404D-A999-2593AA50A2BC}.Release|Any CPU.ActiveCfg = Release|Any CPU
		{23812EE4-6709-404D-A999-2593AA50A2BC}.Release|Any CPU.Build.0 = Release|Any CPU
		{3F421102-396D-497B-8653-82DBB3385D76}.Debug|Any CPU.ActiveCfg = Debug|Any CPU
		{3F421102-396D-497B-8653-82DBB3385D76}.Debug|Any CPU.Build.0 = Debug|Any CPU
		{3F421102-396D-497B-8653-82DBB3385D76}.Release|Any CPU.ActiveCfg = Release|Any CPU
		{3F421102-396D-497B-8653-82DBB3385D76}.Release|Any CPU.Build.0 = Release|Any CPU
		{4B4A6F19-1C00-4FB3-B727-04CEE92FA4EF}.Debug|Any CPU.ActiveCfg = Debug|Any CPU
		{4B4A6F19-1C00-4FB3-B727-04CEE92FA4EF}.Debug|Any CPU.Build.0 = Debug|Any CPU
		{4B4A6F19-1C00-4FB3-B727-04CEE92FA4EF}.Release|Any CPU.ActiveCfg = Release|Any CPU
		{4B4A6F19-1C00-4FB3-B727-04CEE92FA4EF}.Release|Any CPU.Build.0 = Release|Any CPU
	EndGlobalSection
	GlobalSection(SolutionProperties) = preSolution
		HideSolutionNode = FALSE
	EndGlobalSection
	GlobalSection(ExtensibilityGlobals) = postSolution
		SolutionGuid = {DD21433B-74D4-442A-967F-3CF0E50F82FA}
	EndGlobalSection
EndGlobal
